
Microsoft Visual Studio Solution File, Format Version 12.00
# Visual Studio 2012
Project("{FAE04EC0-301F-11D3-BF4B-00C04F79EFBC}") = "PCSYS PPG LPS ProxyConnector", "PCSYS PPG LPS ProxyConnector.csproj", "{8946EA1D-BDFC-4269-AC49-877A646B1E30}"
EndProject
Global
	GlobalSection(SolutionConfigurationPlatforms) = preSolution
		Debug|Any CPU = Debug|Any CPU
		Release|Any CPU = Release|Any CPU
	EndGlobalSection
	GlobalSection(ProjectConfigurationPlatforms) = postSolution
		{8946EA1D-BDFC-4269-AC49-877A646B1E30}.Debug|Any CPU.ActiveCfg = Debug|Any CPU
		{8946EA1D-BDFC-4269-AC49-877A646B1E30}.Debug|Any CPU.Build.0 = Debug|Any CPU
		{8946EA1D-BDFC-4269-AC49-877A646B1E30}.Release|Any CPU.ActiveCfg = Release|Any CPU
		{8946EA1D-BDFC-4269-AC49-877A646B1E30}.Release|Any CPU.Build.0 = Release|Any CPU
	EndGlobalSection
	GlobalSection(SolutionProperties) = preSolution
		HideSolutionNode = FALSE
	EndGlobalSection
EndGlobal
